
Microsoft Visual Studio Solution File, Format Version 12.00
# Visual Studio Version 16
VisualStudioVersion = 16.0.29926.136
MinimumVisualStudioVersion = 10.0.40219.1
Project("{9A19103F-16F7-4668-BE54-9A1E7A4F7556}") = "MarkWordCore", "MarkWord\MarkWordCore.csproj", "{E8DC7318-A789-4F08-9D3C-D1163175B329}"
EndProject
Project("{9A19103F-16F7-4668-BE54-9A1E7A4F7556}") = "BlogsAPICore", "BlogsAPI\BlogsAPICore.csproj", "{F11ED8B1-A49D-400F-B7A4-DDD3F2EC66F1}"
EndProject
Global
	GlobalSection(SolutionConfigurationPlatforms) = preSolution
		Debug|Any CPU = Debug|Any CPU
		Release|Any CPU = Release|Any CPU
	EndGlobalSection
	GlobalSection(ProjectConfigurationPlatforms) = postSolution
		{E8DC7318-A789-4F08-9D3C-D1163175B329}.Debug|Any CPU.ActiveCfg = Debug|Any CPU
		{E8DC7318-A789-4F08-9D3C-D1163175B329}.Debug|Any CPU.Build.0 = Debug|Any CPU
		{E8DC7318-A789-4F08-9D3C-D1163175B329}.Release|Any CPU.ActiveCfg = Release|Any CPU
		{E8DC7318-A789-4F08-9D3C-D1163175B329}.Release|Any CPU.Build.0 = Release|Any CPU
		{F11ED8B1-A49D-400F-B7A4-DDD3F2EC66F1}.Debug|Any CPU.ActiveCfg = Debug|Any CPU
		{F11ED8B1-A49D-400F-B7A4-DDD3F2EC66F1}.Debug|Any CPU.Build.0 = Debug|Any CPU
		{F11ED8B1-A49D-400F-B7A4-DDD3F2EC66F1}.Release|Any CPU.ActiveCfg = Release|Any CPU
		{F11ED8B1-A49D-400F-B7A4-DDD3F2EC66F1}.Release|Any CPU.Build.0 = Release|Any CPU
	EndGlobalSection
	GlobalSection(SolutionProperties) = preSolution
		HideSolutionNode = FALSE
	EndGlobalSection
	GlobalSection(ExtensibilityGlobals) = postSolution
		SolutionGuid = {259B2D8C-2184-43A4-A394-C9E1D17A03E1}
	EndGlobalSection
EndGlobal
